Microsoft Visual Studio Solution File, Format Version 12.00
# Visual Studio Version 17
VisualStudioVersion = 17.5.2.0
MinimumVisualStudioVersion = 10.0.40219.1
Project("{FAE04EC0-301F-11D3-BF4B-00C04F79EFBC}") = "FastAQ.Core", "FastAQ.Core.csproj", "{5C2DB71D-BE26-62D2-3B28-28CD8E22834A}"
EndProject
Global
	GlobalSection(SolutionConfigurationPlatforms) = preSolution
		Debug|Any CPU = Debug|Any CPU
		Release|Any CPU = Release|Any CPU
	EndGlobalSection
	GlobalSection(ProjectConfigurationPlatforms) = postSolution
		{5C2DB71D-BE26-62D2-3B28-28CD8E22834A}.Debug|Any CPU.ActiveCfg = Debug|Any CPU
		{5C2DB71D-BE26-62D2-3B28-28CD8E22834A}.Debug|Any CPU.Build.0 = Debug|Any CPU
		{5C2DB71D-BE26-62D2-3B28-28CD8E22834A}.Release|Any CPU.ActiveCfg = Release|Any CPU
		{5C2DB71D-BE26-62D2-3B28-28CD8E22834A}.Release|Any CPU.Build.0 = Release|Any CPU
	EndGlobalSection
	GlobalSection(SolutionProperties) = preSolution
		HideSolutionNode = FALSE
	EndGlobalSection
	GlobalSection(ExtensibilityGlobals) = postSolution
		SolutionGuid = {97C846AC-013C-40C1-B0C8-56727D4032DC}
	EndGlobalSection
EndGlobal
